
Microsoft Visual Studio Solution File, Format Version 12.00
# Visual Studio Version 17
VisualStudioVersion = 17.9.34723.18
MinimumVisualStudioVersion = 10.0.40219.1
Project("{FAE04EC0-301F-11D3-BF4B-00C04F79EFBC}") = "ConsoleApp2", "ConsoleApp2\ConsoleApp2.csproj", "{E7EF60FF-CDC6-43F1-82F9-794C71DC3DE3}"
EndProject
Global
	GlobalSection(SolutionConfigurationPlatforms) = preSolution
		Debug|Any CPU = Debug|Any CPU
		Release|Any CPU = Release|Any CPU
	EndGlobalSection
	GlobalSection(ProjectConfigurationPlatforms) = postSolution
		{E7EF60FF-CDC6-43F1-82F9-794C71DC3DE3}.Debug|Any CPU.ActiveCfg = Debug|Any CPU
		{E7EF60FF-CDC6-43F1-82F9-794C71DC3DE3}.Debug|Any CPU.Build.0 = Debug|Any CPU
		{E7EF60FF-CDC6-43F1-82F9-794C71DC3DE3}.Release|Any CPU.ActiveCfg = Release|Any CPU
		{E7EF60FF-CDC6-43F1-82F9-794C71DC3DE3}.Release|Any CPU.Build.0 = Release|Any CPU
	EndGlobalSection
	GlobalSection(SolutionProperties) = preSolution
		HideSolutionNode = FALSE
	EndGlobalSection
	GlobalSection(ExtensibilityGlobals) = postSolution
		SolutionGuid = {2BB6822C-B481-4A93-AD8C-C450D2E76B56}
	EndGlobalSection
EndGlobal
